
Microsoft Visual Studio Solution File, Format Version 12.00
# Visual Studio 15
VisualStudioVersion = 15.0.27130.2010
MinimumVisualStudioVersion = 10.0.40219.1
Project("{FAE04EC0-301F-11D3-BF4B-00C04F79EFBC}") = "GoogleMapJSON", "GoogleMapJSON\GoogleMapJSON.csproj", "{3764E38E-D352-4765-8BEF-D3DBFFDC8AB0}"
EndProject
Global
	GlobalSection(SolutionConfigurationPlatforms) = preSolution
		Debug|Any CPU = Debug|Any CPU
		Release|Any CPU = Release|Any CPU
	EndGlobalSection
	GlobalSection(ProjectConfigurationPlatforms) = postSolution
		{3764E38E-D352-4765-8BEF-D3DBFFDC8AB0}.Debug|Any CPU.ActiveCfg = Debug|Any CPU
		{3764E38E-D352-4765-8BEF-D3DBFFDC8AB0}.Debug|Any CPU.Build.0 = Debug|Any CPU
		{3764E38E-D352-4765-8BEF-D3DBFFDC8AB0}.Release|Any CPU.ActiveCfg = Release|Any CPU
		{3764E38E-D352-4765-8BEF-D3DBFFDC8AB0}.Release|Any CPU.Build.0 = Release|Any CPU
	EndGlobalSection
	GlobalSection(SolutionProperties) = preSolution
		HideSolutionNode = FALSE
	EndGlobalSection
	GlobalSection(ExtensibilityGlobals) = postSolution
		SolutionGuid = {EC91666F-93FF-4331-A522-70D7450A9715}
	EndGlobalSection
EndGlobal
